<?xml version="1.0" encoding="UTF-8"?>
<CodeBlocks_project_file>
	<FileVersion major="1" minor="6"/>
	<Project>
		<Option title="LAB"/>
		<Option makefile_is_custom="1"/>
		<Option compiler="gcc"/>
		<Option virtualFolders="CMake Files\;CMake Files\Lab-01\;CMake Files\Lab-02\;CMake Files\Lab-03\;CMake Files\Lab-04\;CMake Files\Lab-05-functions\;"/>
		<Build>
			<Target title="all">
				<Option working_dir="C:/Users/1337k/CLionProjects/LAB/Lab-01/output"/>
				<Option type="4"/>
				<MakeCommands>
					<Build command="C:/PROGRA~1/JETBRA~1/CLION2~1.4/bin/mingw/bin/mingw32-make.exe -f &quot;C:/Users/1337k/CLionProjects/LAB/Lab-01/output/Makefile&quot;  VERBOSE=1 all"/>
					<CompileFile command="C:/PROGRA~1/JETBRA~1/CLION2~1.4/bin/mingw/bin/mingw32-make.exe -f &quot;C:/Users/1337k/CLionProjects/LAB/Lab-01/output/Makefile&quot;  VERBOSE=1 &quot;$file&quot;"/>
					<Clean command="C:/PROGRA~1/JETBRA~1/CLION2~1.4/bin/mingw/bin/mingw32-make.exe -f &quot;C:/Users/1337k/CLionProjects/LAB/Lab-01/output/Makefile&quot;  VERBOSE=1 clean"/>
					<DistClean command="C:/PROGRA~1/JETBRA~1/CLION2~1.4/bin/mingw/bin/mingw32-make.exe -f &quot;C:/Users/1337k/CLionProjects/LAB/Lab-01/output/Makefile&quot;  VERBOSE=1 clean"/>
				</MakeCommands>
			</Target>
			<Target title="lab01">
				<Option output="C:/Users/1337k/CLionProjects/LAB/Lab-01/output/lab01.exe" prefix_auto="0" extension_auto="0"/>
				<Option working_dir="C:/Users/1337k/CLionProjects/LAB/Lab-01/output"/>
				<Option object_output="./"/>
				<Option type="1"/>
				<Option compiler="gcc"/>
				<Compiler>
					<Add directory="C:/Program Files/JetBrains/CLion 2021.3.4/bin/mingw/bin/../lib/gcc/x86_64-w64-mingw32/11.2.0/include"/>
					<Add directory="C:/Program Files/JetBrains/CLion 2021.3.4/bin/mingw/bin/../lib/gcc/x86_64-w64-mingw32/11.2.0/../../../../include"/>
					<Add directory="C:/Program Files/JetBrains/CLion 2021.3.4/bin/mingw/bin/../lib/gcc/x86_64-w64-mingw32/11.2.0/include-fixed"/>
					<Add directory="C:/Program Files/JetBrains/CLion 2021.3.4/bin/mingw/bin/../lib/gcc/x86_64-w64-mingw32/11.2.0/../../../../x86_64-w64-mingw32/include"/>
				</Compiler>
				<MakeCommands>
					<Build command="C:/PROGRA~1/JETBRA~1/CLION2~1.4/bin/mingw/bin/mingw32-make.exe -f &quot;C:/Users/1337k/CLionProjects/LAB/Lab-01/output/Makefile&quot;  VERBOSE=1 lab01"/>
					<CompileFile command="C:/PROGRA~1/JETBRA~1/CLION2~1.4/bin/mingw/bin/mingw32-make.exe -f &quot;C:/Users/1337k/CLionProjects/LAB/Lab-01/output/Makefile&quot;  VERBOSE=1 &quot;$file&quot;"/>
					<Clean command="C:/PROGRA~1/JETBRA~1/CLION2~1.4/bin/mingw/bin/mingw32-make.exe -f &quot;C:/Users/1337k/CLionProjects/LAB/Lab-01/output/Makefile&quot;  VERBOSE=1 clean"/>
					<DistClean command="C:/PROGRA~1/JETBRA~1/CLION2~1.4/bin/mingw/bin/mingw32-make.exe -f &quot;C:/Users/1337k/CLionProjects/LAB/Lab-01/output/Makefile&quot;  VERBOSE=1 clean"/>
				</MakeCommands>
			</Target>
			<Target title="lab01/fast">
				<Option output="C:/Users/1337k/CLionProjects/LAB/Lab-01/output/lab01.exe" prefix_auto="0" extension_auto="0"/>
				<Option working_dir="C:/Users/1337k/CLionProjects/LAB/Lab-01/output"/>
				<Option object_output="./"/>
				<Option type="1"/>
				<Option compiler="gcc"/>
				<Compiler>
					<Add directory="C:/Program Files/JetBrains/CLion 2021.3.4/bin/mingw/bin/../lib/gcc/x86_64-w64-mingw32/11.2.0/include"/>
					<Add directory="C:/Program Files/JetBrains/CLion 2021.3.4/bin/mingw/bin/../lib/gcc/x86_64-w64-mingw32/11.2.0/../../../../include"/>
					<Add directory="C:/Program Files/JetBrains/CLion 2021.3.4/bin/mingw/bin/../lib/gcc/x86_64-w64-mingw32/11.2.0/include-fixed"/>
					<Add directory="C:/Program Files/JetBrains/CLion 2021.3.4/bin/mingw/bin/../lib/gcc/x86_64-w64-mingw32/11.2.0/../../../../x86_64-w64-mingw32/include"/>
				</Compiler>
				<MakeCommands>
					<Build command="C:/PROGRA~1/JETBRA~1/CLION2~1.4/bin/mingw/bin/mingw32-make.exe -f &quot;C:/Users/1337k/CLionProjects/LAB/Lab-01/output/Makefile&quot;  VERBOSE=1 lab01/fast"/>
					<CompileFile command="C:/PROGRA~1/JETBRA~1/CLION2~1.4/bin/mingw/bin/mingw32-make.exe -f &quot;C:/Users/1337k/CLionProjects/LAB/Lab-01/output/Makefile&quot;  VERBOSE=1 &quot;$file&quot;"/>
					<Clean command="C:/PROGRA~1/JETBRA~1/CLION2~1.4/bin/mingw/bin/mingw32-make.exe -f &quot;C:/Users/1337k/CLionProjects/LAB/Lab-01/output/Makefile&quot;  VERBOSE=1 clean"/>
					<DistClean command="C:/PROGRA~1/JETBRA~1/CLION2~1.4/bin/mingw/bin/mingw32-make.exe -f &quot;C:/Users/1337k/CLionProjects/LAB/Lab-01/output/Makefile&quot;  VERBOSE=1 clean"/>
				</MakeCommands>
			</Target>
			<Target title="lab02">
				<Option output="C:/Users/1337k/CLionProjects/LAB/Lab-02/output/lab02.exe" prefix_auto="0" extension_auto="0"/>
				<Option working_dir="C:/Users/1337k/CLionProjects/LAB/Lab-02/output"/>
				<Option object_output="./"/>
				<Option type="1"/>
				<Option compiler="gcc"/>
				<Compiler>
					<Add directory="C:/Program Files/JetBrains/CLion 2021.3.4/bin/mingw/bin/../lib/gcc/x86_64-w64-mingw32/11.2.0/include"/>
					<Add directory="C:/Program Files/JetBrains/CLion 2021.3.4/bin/mingw/bin/../lib/gcc/x86_64-w64-mingw32/11.2.0/../../../../include"/>
					<Add directory="C:/Program Files/JetBrains/CLion 2021.3.4/bin/mingw/bin/../lib/gcc/x86_64-w64-mingw32/11.2.0/include-fixed"/>
					<Add directory="C:/Program Files/JetBrains/CLion 2021.3.4/bin/mingw/bin/../lib/gcc/x86_64-w64-mingw32/11.2.0/../../../../x86_64-w64-mingw32/include"/>
				</Compiler>
				<MakeCommands>
					<Build command="C:/PROGRA~1/JETBRA~1/CLION2~1.4/bin/mingw/bin/mingw32-make.exe -f &quot;C:/Users/1337k/CLionProjects/LAB/Lab-02/output/Makefile&quot;  VERBOSE=1 lab02"/>
					<CompileFile command="C:/PROGRA~1/JETBRA~1/CLION2~1.4/bin/mingw/bin/mingw32-make.exe -f &quot;C:/Users/1337k/CLionProjects/LAB/Lab-02/output/Makefile&quot;  VERBOSE=1 &quot;$file&quot;"/>
					<Clean command="C:/PROGRA~1/JETBRA~1/CLION2~1.4/bin/mingw/bin/mingw32-make.exe -f &quot;C:/Users/1337k/CLionProjects/LAB/Lab-02/output/Makefile&quot;  VERBOSE=1 clean"/>
					<DistClean command="C:/PROGRA~1/JETBRA~1/CLION2~1.4/bin/mingw/bin/mingw32-make.exe -f &quot;C:/Users/1337k/CLionProjects/LAB/Lab-02/output/Makefile&quot;  VERBOSE=1 clean"/>
				</MakeCommands>
			</Target>
			<Target title="lab02/fast">
				<Option output="C:/Users/1337k/CLionProjects/LAB/Lab-02/output/lab02.exe" prefix_auto="0" extension_auto="0"/>
				<Option working_dir="C:/Users/1337k/CLionProjects/LAB/Lab-02/output"/>
				<Option object_output="./"/>
				<Option type="1"/>
				<Option compiler="gcc"/>
				<Compiler>
					<Add directory="C:/Program Files/JetBrains/CLion 2021.3.4/bin/mingw/bin/../lib/gcc/x86_64-w64-mingw32/11.2.0/include"/>
					<Add directory="C:/Program Files/JetBrains/CLion 2021.3.4/bin/mingw/bin/../lib/gcc/x86_64-w64-mingw32/11.2.0/../../../../include"/>
					<Add directory="C:/Program Files/JetBrains/CLion 2021.3.4/bin/mingw/bin/../lib/gcc/x86_64-w64-mingw32/11.2.0/include-fixed"/>
					<Add directory="C:/Program Files/JetBrains/CLion 2021.3.4/bin/mingw/bin/../lib/gcc/x86_64-w64-mingw32/11.2.0/../../../../x86_64-w64-mingw32/include"/>
				</Compiler>
				<MakeCommands>
					<Build command="C:/PROGRA~1/JETBRA~1/CLION2~1.4/bin/mingw/bin/mingw32-make.exe -f &quot;C:/Users/1337k/CLionProjects/LAB/Lab-02/output/Makefile&quot;  VERBOSE=1 lab02/fast"/>
					<CompileFile command="C:/PROGRA~1/JETBRA~1/CLION2~1.4/bin/mingw/bin/mingw32-make.exe -f &quot;C:/Users/1337k/CLionProjects/LAB/Lab-02/output/Makefile&quot;  VERBOSE=1 &quot;$file&quot;"/>
					<Clean command="C:/PROGRA~1/JETBRA~1/CLION2~1.4/bin/mingw/bin/mingw32-make.exe -f &quot;C:/Users/1337k/CLionProjects/LAB/Lab-02/output/Makefile&quot;  VERBOSE=1 clean"/>
					<DistClean command="C:/PROGRA~1/JETBRA~1/CLION2~1.4/bin/mingw/bin/mingw32-make.exe -f &quot;C:/Users/1337k/CLionProjects/LAB/Lab-02/output/Makefile&quot;  VERBOSE=1 clean"/>
				</MakeCommands>
			</Target>
			<Target title="lab03">
				<Option output="C:/Users/1337k/CLionProjects/LAB/Lab-03/output/lab03.exe" prefix_auto="0" extension_auto="0"/>
				<Option working_dir="C:/Users/1337k/CLionProjects/LAB/Lab-03/output"/>
				<Option object_output="./"/>
				<Option type="1"/>
				<Option compiler="gcc"/>
				<Compiler>
					<Add directory="C:/Program Files/JetBrains/CLion 2021.3.4/bin/mingw/bin/../lib/gcc/x86_64-w64-mingw32/11.2.0/include"/>
					<Add directory="C:/Program Files/JetBrains/CLion 2021.3.4/bin/mingw/bin/../lib/gcc/x86_64-w64-mingw32/11.2.0/../../../../include"/>
					<Add directory="C:/Program Files/JetBrains/CLion 2021.3.4/bin/mingw/bin/../lib/gcc/x86_64-w64-mingw32/11.2.0/include-fixed"/>
					<Add directory="C:/Program Files/JetBrains/CLion 2021.3.4/bin/mingw/bin/../lib/gcc/x86_64-w64-mingw32/11.2.0/../../../../x86_64-w64-mingw32/include"/>
				</Compiler>
				<MakeCommands>
					<Build command="C:/PROGRA~1/JETBRA~1/CLION2~1.4/bin/mingw/bin/mingw32-make.exe -f &quot;C:/Users/1337k/CLionProjects/LAB/Lab-03/output/Makefile&quot;  VERBOSE=1 lab03"/>
					<CompileFile command="C:/PROGRA~1/JETBRA~1/CLION2~1.4/bin/mingw/bin/mingw32-make.exe -f &quot;C:/Users/1337k/CLionProjects/LAB/Lab-03/output/Makefile&quot;  VERBOSE=1 &quot;$file&quot;"/>
					<Clean command="C:/PROGRA~1/JETBRA~1/CLION2~1.4/bin/mingw/bin/mingw32-make.exe -f &quot;C:/Users/1337k/CLionProjects/LAB/Lab-03/output/Makefile&quot;  VERBOSE=1 clean"/>
					<DistClean command="C:/PROGRA~1/JETBRA~1/CLION2~1.4/bin/mingw/bin/mingw32-make.exe -f &quot;C:/Users/1337k/CLionProjects/LAB/Lab-03/output/Makefile&quot;  VERBOSE=1 clean"/>
				</MakeCommands>
			</Target>
			<Target title="lab03/fast">
				<Option output="C:/Users/1337k/CLionProjects/LAB/Lab-03/output/lab03.exe" prefix_auto="0" extension_auto="0"/>
				<Option working_dir="C:/Users/1337k/CLionProjects/LAB/Lab-03/output"/>
				<Option object_output="./"/>
				<Option type="1"/>
				<Option compiler="gcc"/>
				<Compiler>
					<Add directory="C:/Program Files/JetBrains/CLion 2021.3.4/bin/mingw/bin/../lib/gcc/x86_64-w64-mingw32/11.2.0/include"/>
					<Add directory="C:/Program Files/JetBrains/CLion 2021.3.4/bin/mingw/bin/../lib/gcc/x86_64-w64-mingw32/11.2.0/../../../../include"/>
					<Add directory="C:/Program Files/JetBrains/CLion 2021.3.4/bin/mingw/bin/../lib/gcc/x86_64-w64-mingw32/11.2.0/include-fixed"/>
					<Add directory="C:/Program Files/JetBrains/CLion 2021.3.4/bin/mingw/bin/../lib/gcc/x86_64-w64-mingw32/11.2.0/../../../../x86_64-w64-mingw32/include"/>
				</Compiler>
				<MakeCommands>
					<Build command="C:/PROGRA~1/JETBRA~1/CLION2~1.4/bin/mingw/bin/mingw32-make.exe -f &quot;C:/Users/1337k/CLionProjects/LAB/Lab-03/output/Makefile&quot;  VERBOSE=1 lab03/fast"/>
					<CompileFile command="C:/PROGRA~1/JETBRA~1/CLION2~1.4/bin/mingw/bin/mingw32-make.exe -f &quot;C:/Users/1337k/CLionProjects/LAB/Lab-03/output/Makefile&quot;  VERBOSE=1 &quot;$file&quot;"/>
					<Clean command="C:/PROGRA~1/JETBRA~1/CLION2~1.4/bin/mingw/bin/mingw32-make.exe -f &quot;C:/Users/1337k/CLionProjects/LAB/Lab-03/output/Makefile&quot;  VERBOSE=1 clean"/>
					<DistClean command="C:/PROGRA~1/JETBRA~1/CLION2~1.4/bin/mingw/bin/mingw32-make.exe -f &quot;C:/Users/1337k/CLionProjects/LAB/Lab-03/output/Makefile&quot;  VERBOSE=1 clean"/>
				</MakeCommands>
			</Target>
			<Target title="lab04">
				<Option output="C:/Users/1337k/CLionProjects/LAB/Lab-04/output/lab04.exe" prefix_auto="0" extension_auto="0"/>
				<Option working_dir="C:/Users/1337k/CLionProjects/LAB/Lab-04/output"/>
				<Option object_output="./"/>
				<Option type="1"/>
				<Option compiler="gcc"/>
				<Compiler>
					<Add directory="C:/Program Files/JetBrains/CLion 2021.3.4/bin/mingw/bin/../lib/gcc/x86_64-w64-mingw32/11.2.0/include"/>
					<Add directory="C:/Program Files/JetBrains/CLion 2021.3.4/bin/mingw/bin/../lib/gcc/x86_64-w64-mingw32/11.2.0/../../../../include"/>
					<Add directory="C:/Program Files/JetBrains/CLion 2021.3.4/bin/mingw/bin/../lib/gcc/x86_64-w64-mingw32/11.2.0/include-fixed"/>
					<Add directory="C:/Program Files/JetBrains/CLion 2021.3.4/bin/mingw/bin/../lib/gcc/x86_64-w64-mingw32/11.2.0/../../../../x86_64-w64-mingw32/include"/>
				</Compiler>
				<MakeCommands>
					<Build command="C:/PROGRA~1/JETBRA~1/CLION2~1.4/bin/mingw/bin/mingw32-make.exe -f &quot;C:/Users/1337k/CLionProjects/LAB/Lab-04/output/Makefile&quot;  VERBOSE=1 lab04"/>
					<CompileFile command="C:/PROGRA~1/JETBRA~1/CLION2~1.4/bin/mingw/bin/mingw32-make.exe -f &quot;C:/Users/1337k/CLionProjects/LAB/Lab-04/output/Makefile&quot;  VERBOSE=1 &quot;$file&quot;"/>
					<Clean command="C:/PROGRA~1/JETBRA~1/CLION2~1.4/bin/mingw/bin/mingw32-make.exe -f &quot;C:/Users/1337k/CLionProjects/LAB/Lab-04/output/Makefile&quot;  VERBOSE=1 clean"/>
					<DistClean command="C:/PROGRA~1/JETBRA~1/CLION2~1.4/bin/mingw/bin/mingw32-make.exe -f &quot;C:/Users/1337k/CLionProjects/LAB/Lab-04/output/Makefile&quot;  VERBOSE=1 clean"/>
				</MakeCommands>
			</Target>
			<Target title="lab04/fast">
				<Option output="C:/Users/1337k/CLionProjects/LAB/Lab-04/output/lab04.exe" prefix_auto="0" extension_auto="0"/>
				<Option working_dir="C:/Users/1337k/CLionProjects/LAB/Lab-04/output"/>
				<Option object_output="./"/>
				<Option type="1"/>
				<Option compiler="gcc"/>
				<Compiler>
					<Add directory="C:/Program Files/JetBrains/CLion 2021.3.4/bin/mingw/bin/../lib/gcc/x86_64-w64-mingw32/11.2.0/include"/>
					<Add directory="C:/Program Files/JetBrains/CLion 2021.3.4/bin/mingw/bin/../lib/gcc/x86_64-w64-mingw32/11.2.0/../../../../include"/>
					<Add directory="C:/Program Files/JetBrains/CLion 2021.3.4/bin/mingw/bin/../lib/gcc/x86_64-w64-mingw32/11.2.0/include-fixed"/>
					<Add directory="C:/Program Files/JetBrains/CLion 2021.3.4/bin/mingw/bin/../lib/gcc/x86_64-w64-mingw32/11.2.0/../../../../x86_64-w64-mingw32/include"/>
				</Compiler>
				<MakeCommands>
					<Build command="C:/PROGRA~1/JETBRA~1/CLION2~1.4/bin/mingw/bin/mingw32-make.exe -f &quot;C:/Users/1337k/CLionProjects/LAB/Lab-04/output/Makefile&quot;  VERBOSE=1 lab04/fast"/>
					<CompileFile command="C:/PROGRA~1/JETBRA~1/CLION2~1.4/bin/mingw/bin/mingw32-make.exe -f &quot;C:/Users/1337k/CLionProjects/LAB/Lab-04/output/Makefile&quot;  VERBOSE=1 &quot;$file&quot;"/>
					<Clean command="C:/PROGRA~1/JETBRA~1/CLION2~1.4/bin/mingw/bin/mingw32-make.exe -f &quot;C:/Users/1337k/CLionProjects/LAB/Lab-04/output/Makefile&quot;  VERBOSE=1 clean"/>
					<DistClean command="C:/PROGRA~1/JETBRA~1/CLION2~1.4/bin/mingw/bin/mingw32-make.exe -f &quot;C:/Users/1337k/CLionProjects/LAB/Lab-04/output/Makefile&quot;  VERBOSE=1 clean"/>
				</MakeCommands>
			</Target>
			<Target title="lab05">
				<Option output="C:/Users/1337k/CLionProjects/LAB/Lab-05-functions/output/lab05.exe" prefix_auto="0" extension_auto="0"/>
				<Option working_dir="C:/Users/1337k/CLionProjects/LAB/Lab-05-functions/output"/>
				<Option object_output="./"/>
				<Option type="1"/>
				<Option compiler="gcc"/>
				<Compiler>
					<Add directory="C:/Program Files/JetBrains/CLion 2021.3.4/bin/mingw/bin/../lib/gcc/x86_64-w64-mingw32/11.2.0/include"/>
					<Add directory="C:/Program Files/JetBrains/CLion 2021.3.4/bin/mingw/bin/../lib/gcc/x86_64-w64-mingw32/11.2.0/../../../../include"/>
					<Add directory="C:/Program Files/JetBrains/CLion 2021.3.4/bin/mingw/bin/../lib/gcc/x86_64-w64-mingw32/11.2.0/include-fixed"/>
					<Add directory="C:/Program Files/JetBrains/CLion 2021.3.4/bin/mingw/bin/../lib/gcc/x86_64-w64-mingw32/11.2.0/../../../../x86_64-w64-mingw32/include"/>
				</Compiler>
				<MakeCommands>
					<Build command="C:/PROGRA~1/JETBRA~1/CLION2~1.4/bin/mingw/bin/mingw32-make.exe -f &quot;C:/Users/1337k/CLionProjects/LAB/Lab-05-functions/output/Makefile&quot;  VERBOSE=1 lab05"/>
					<CompileFile command="C:/PROGRA~1/JETBRA~1/CLION2~1.4/bin/mingw/bin/mingw32-make.exe -f &quot;C:/Users/1337k/CLionProjects/LAB/Lab-05-functions/output/Makefile&quot;  VERBOSE=1 &quot;$file&quot;"/>
					<Clean command="C:/PROGRA~1/JETBRA~1/CLION2~1.4/bin/mingw/bin/mingw32-make.exe -f &quot;C:/Users/1337k/CLionProjects/LAB/Lab-05-functions/output/Makefile&quot;  VERBOSE=1 clean"/>
					<DistClean command="C:/PROGRA~1/JETBRA~1/CLION2~1.4/bin/mingw/bin/mingw32-make.exe -f &quot;C:/Users/1337k/CLionProjects/LAB/Lab-05-functions/output/Makefile&quot;  VERBOSE=1 clean"/>
				</MakeCommands>
			</Target>
			<Target title="lab05/fast">
				<Option output="C:/Users/1337k/CLionProjects/LAB/Lab-05-functions/output/lab05.exe" prefix_auto="0" extension_auto="0"/>
				<Option working_dir="C:/Users/1337k/CLionProjects/LAB/Lab-05-functions/output"/>
				<Option object_output="./"/>
				<Option type="1"/>
				<Option compiler="gcc"/>
				<Compiler>
					<Add directory="C:/Program Files/JetBrains/CLion 2021.3.4/bin/mingw/bin/../lib/gcc/x86_64-w64-mingw32/11.2.0/include"/>
					<Add directory="C:/Program Files/JetBrains/CLion 2021.3.4/bin/mingw/bin/../lib/gcc/x86_64-w64-mingw32/11.2.0/../../../../include"/>
					<Add directory="C:/Program Files/JetBrains/CLion 2021.3.4/bin/mingw/bin/../lib/gcc/x86_64-w64-mingw32/11.2.0/include-fixed"/>
					<Add directory="C:/Program Files/JetBrains/CLion 2021.3.4/bin/mingw/bin/../lib/gcc/x86_64-w64-mingw32/11.2.0/../../../../x86_64-w64-mingw32/include"/>
				</Compiler>
				<MakeCommands>
					<Build command="C:/PROGRA~1/JETBRA~1/CLION2~1.4/bin/mingw/bin/mingw32-make.exe -f &quot;C:/Users/1337k/CLionProjects/LAB/Lab-05-functions/output/Makefile&quot;  VERBOSE=1 lab05/fast"/>
					<CompileFile command="C:/PROGRA~1/JETBRA~1/CLION2~1.4/bin/mingw/bin/mingw32-make.exe -f &quot;C:/Users/1337k/CLionProjects/LAB/Lab-05-functions/output/Makefile&quot;  VERBOSE=1 &quot;$file&quot;"/>
					<Clean command="C:/PROGRA~1/JETBRA~1/CLION2~1.4/bin/mingw/bin/mingw32-make.exe -f &quot;C:/Users/1337k/CLionProjects/LAB/Lab-05-functions/output/Makefile&quot;  VERBOSE=1 clean"/>
					<DistClean command="C:/PROGRA~1/JETBRA~1/CLION2~1.4/bin/mingw/bin/mingw32-make.exe -f &quot;C:/Users/1337k/CLionProjects/LAB/Lab-05-functions/output/Makefile&quot;  VERBOSE=1 clean"/>
				</MakeCommands>
			</Target>
		</Build>
		<Unit filename="C:/Users/1337k/CLionProjects/LAB/Lab-01/lab01.c">
			<Option target="lab01"/>
		</Unit>
		<Unit filename="C:/Users/1337k/CLionProjects/LAB/Lab-02/lab02.c">
			<Option target="lab02"/>
		</Unit>
		<Unit filename="C:/Users/1337k/CLionProjects/LAB/Lab-03/lab03.c">
			<Option target="lab03"/>
		</Unit>
		<Unit filename="C:/Users/1337k/CLionProjects/LAB/Lab-04/lab04.c">
			<Option target="lab04"/>
		</Unit>
		<Unit filename="C:/Users/1337k/CLionProjects/LAB/Lab-05-functions/lab05.c">
			<Option target="lab05"/>
		</Unit>
		<Unit filename="C:/Users/1337k/CLionProjects/LAB/CMakeLists.txt">
			<Option virtualFolder="CMake Files\"/>
		</Unit>
		<Unit filename="C:/Users/1337k/CLionProjects/LAB/Lab-01/CMakeLists.txt">
			<Option virtualFolder="CMake Files\Lab-01\"/>
		</Unit>
		<Unit filename="C:/Users/1337k/CLionProjects/LAB/Lab-02/CMakeLists.txt">
			<Option virtualFolder="CMake Files\Lab-02\"/>
		</Unit>
		<Unit filename="C:/Users/1337k/CLionProjects/LAB/Lab-03/CMakeLists.txt">
			<Option virtualFolder="CMake Files\Lab-03\"/>
		</Unit>
		<Unit filename="C:/Users/1337k/CLionProjects/LAB/Lab-04/CMakeLists.txt">
			<Option virtualFolder="CMake Files\Lab-04\"/>
		</Unit>
		<Unit filename="C:/Users/1337k/CLionProjects/LAB/Lab-05-functions/CMakeLists.txt">
			<Option virtualFolder="CMake Files\Lab-05-functions\"/>
		</Unit>
	</Project>
</CodeBlocks_project_file>
